
Microsoft Visual Studio Solution File, Format Version 12.00
# Visual Studio 15
VisualStudioVersion = 15.0.26730.10
MinimumVisualStudioVersion = 10.0.40219.1
Project("{FAE04EC0-301F-11D3-BF4B-00C04F79EFBC}") = "JenkoNet", "JenkoNet\JenkoNet.csproj", "{FAEA1A64-3097-46D3-9F26-9C6C8925C1E1}"
EndProject
Global
	GlobalSection(SolutionConfigurationPlatforms) = preSolution
		Debug|Any CPU = Debug|Any CPU
		Debug|x64 = Debug|x64
		Release|Any CPU = Release|Any CPU
		Release|x64 = Release|x64
	EndGlobalSection
	GlobalSection(ProjectConfigurationPlatforms) = postSolution
		{FAEA1A64-3097-46D3-9F26-9C6C8925C1E1}.Debug|Any CPU.ActiveCfg = Debug|Any CPU
		{FAEA1A64-3097-46D3-9F26-9C6C8925C1E1}.Debug|Any CPU.Build.0 = Debug|Any CPU
		{FAEA1A64-3097-46D3-9F26-9C6C8925C1E1}.Debug|x64.ActiveCfg = Debug|x64
		{FAEA1A64-3097-46D3-9F26-9C6C8925C1E1}.Debug|x64.Build.0 = Debug|x64
		{FAEA1A64-3097-46D3-9F26-9C6C8925C1E1}.Release|Any CPU.ActiveCfg = Release|Any CPU
		{FAEA1A64-3097-46D3-9F26-9C6C8925C1E1}.Release|Any CPU.Build.0 = Release|Any CPU
		{FAEA1A64-3097-46D3-9F26-9C6C8925C1E1}.Release|x64.ActiveCfg = Release|x64
		{FAEA1A64-3097-46D3-9F26-9C6C8925C1E1}.Release|x64.Build.0 = Release|x64
	EndGlobalSection
	GlobalSection(SolutionProperties) = preSolution
		HideSolutionNode = FALSE
	EndGlobalSection
	GlobalSection(ExtensibilityGlobals) = postSolution
		SolutionGuid = {0AA7A3A3-C165-40C7-AD8E-D21E1B16F29A}
	EndGlobalSection
EndGlobal
